
Microsoft Visual Studio Solution File, Format Version 12.00
# Visual Studio Version 16
VisualStudioVersion = 16.0.32901.82
MinimumVisualStudioVersion = 10.0.40219.1
Project("{FAE04EC0-301F-11D3-BF4B-00C04F79EFBC}") = "Asp.Net-Intro", "Asp.Net-Intro\Asp.Net-Intro.csproj", "{D2F812CB-2789-41E1-9E31-B1C690029390}"
EndProject
Global
	GlobalSection(SolutionConfigurationPlatforms) = preSolution
		Debug|Any CPU = Debug|Any CPU
		Release|Any CPU = Release|Any CPU
	EndGlobalSection
	GlobalSection(ProjectConfigurationPlatforms) = postSolution
		{D2F812CB-2789-41E1-9E31-B1C690029390}.Debug|Any CPU.ActiveCfg = Debug|Any CPU
		{D2F812CB-2789-41E1-9E31-B1C690029390}.Debug|Any CPU.Build.0 = Debug|Any CPU
		{D2F812CB-2789-41E1-9E31-B1C690029390}.Release|Any CPU.ActiveCfg = Release|Any CPU
		{D2F812CB-2789-41E1-9E31-B1C690029390}.Release|Any CPU.Build.0 = Release|Any CPU
	EndGlobalSection
	GlobalSection(SolutionProperties) = preSolution
		HideSolutionNode = FALSE
	EndGlobalSection
	GlobalSection(ExtensibilityGlobals) = postSolution
		SolutionGuid = {13D0862C-B9BF-4D78-B5C0-78B432246672}
	EndGlobalSection
EndGlobal
